
Microsoft Visual Studio Solution File, Format Version 12.00
# Visual Studio Version 17
VisualStudioVersion = 17.5.33424.131
MinimumVisualStudioVersion = 10.0.40219.1
Project("{9A19103F-16F7-4668-BE54-9A1E7A4F7556}") = "Setlistbot.Domain", "src\Setlistbot.Domain\Setlistbot.Domain.csproj", "{BB8D732E-17EE-4C34-A6FD-5781E66E16C3}"
EndProject
Project("{9A19103F-16F7-4668-BE54-9A1E7A4F7556}") = "Setlistbot.Infrastructure", "src\Setlistbot.Infrastructure\Setlistbot.Infrastructure.csproj", "{4154AAD6-9B33-49AB-AE98-A4A84FE5B519}"
EndProject
Project("{9A19103F-16F7-4668-BE54-9A1E7A4F7556}") = "Setlistbot.Infrastructure.PhishNet", "src\Setlistbot.Infrastructure.PhishNet\Setlistbot.Infrastructure.PhishNet.csproj", "{BD168A74-6D7F-41DE-890A-CC37CB9E2FE9}"
EndProject
Project("{2150E333-8FDC-42A3-9474-1A3956D46DE8}") = "test", "test", "{252ED6DC-C74D-4CDB-9D86-7827A870FEF8}"
EndProject
Project("{9A19103F-16F7-4668-BE54-9A1E7A4F7556}") = "Setlistbot.Infrastructure.PhishNet.UnitTests", "test\Setlistbot.Infrastructure.PhishNet\Setlistbot.Infrastructure.PhishNet.UnitTests.csproj", "{86F6D4A9-118C-4E9C-808C-DB33BB79FB1E}"
EndProject
Project("{9A19103F-16F7-4668-BE54-9A1E7A4F7556}") = "Setlistbot.Infrastructure.KglwNet", "src\Setlistbot.Infrastructure.KglwNet\Setlistbot.Infrastructure.KglwNet.csproj", "{4A23B5AE-2773-434D-84A4-1695181087F7}"
EndProject
Project("{9A19103F-16F7-4668-BE54-9A1E7A4F7556}") = "Setlistbot.Infrastructure.KglwNet.UnitTests", "test\Setlistbot.Infrastructure.KglwNet.UnitTests\Setlistbot.Infrastructure.KglwNet.UnitTests.csproj", "{5CF7F469-0D39-4EA8-BE04-4F9D8C29A69E}"
EndProject
Project("{9A19103F-16F7-4668-BE54-9A1E7A4F7556}") = "Setlistbot.Infrastructure.Reddit", "src\Setlistbot.Infrastructure.Reddit\Setlistbot.Infrastructure.Reddit.csproj", "{05A4A283-798A-4A07-94CA-8D4B86F2E12A}"
EndProject
Project("{9A19103F-16F7-4668-BE54-9A1E7A4F7556}") = "Setlistbot.Application", "src\Setlistbot.Application\Setlistbot.Application.csproj", "{EB801B35-CDB2-47D7-8946-9B939A634E46}"
EndProject
Project("{9A19103F-16F7-4668-BE54-9A1E7A4F7556}") = "Setlistbot.Domain.Kglw", "src\Setlistbot.Domain.Kglw\Setlistbot.Domain.Kglw.csproj", "{A4DCF9BC-E6C2-4628-B8BE-E55368251D16}"
EndProject
Project("{9A19103F-16F7-4668-BE54-9A1E7A4F7556}") = "Setlistbot.Domain.Phish", "src\Setlistbot.Domain.Phish\Setlistbot.Domain.Phish.csproj", "{7EFB1E2F-E80B-40BF-A849-B48EF38C87EF}"
EndProject
Project("{9A19103F-16F7-4668-BE54-9A1E7A4F7556}") = "Setlistbot.Domain.Kglw.UnitTests", "test\Setlistbot.Domain.Kglw\Setlistbot.Domain.Kglw.UnitTests.csproj", "{3CC40CD7-65A9-445C-A71C-0EA3D57C6B9C}"
EndProject
Project("{9A19103F-16F7-4668-BE54-9A1E7A4F7556}") = "Setlistbot.Function.Discord", "src\Setlistbot.Function.Discord\Setlistbot.Function.Discord.csproj", "{767427FF-457D-4034-BD1D-EE5BE063125E}"
EndProject
Project("{9A19103F-16F7-4668-BE54-9A1E7A4F7556}") = "Setlistbot.Infrastructure.Discord", "src\Setlistbot.Infrastructure.Discord\Setlistbot.Infrastructure.Discord.csproj", "{D7DE5152-F0C6-4917-BDA4-1F71BDB16819}"
EndProject
Project("{9A19103F-16F7-4668-BE54-9A1E7A4F7556}") = "Setlistbot.Application.UnitTests", "test\Setlistbot.Application.UnitTests\Setlistbot.Application.UnitTests.csproj", "{2DE9E043-D881-4752-8293-7BD73A9F6C32}"
EndProject
Project("{9A19103F-16F7-4668-BE54-9A1E7A4F7556}") = "Setlistbot.Function.Discord.UnitTests", "test\Setlistbot.Function.Discord.UnitTests\Setlistbot.Function.Discord.UnitTests.csproj", "{BE2657CA-2398-4ABA-890B-3AF476814F9D}"
EndProject
Project("{9A19103F-16F7-4668-BE54-9A1E7A4F7556}") = "Setlistbot.Function.RedditBot", "src\Setlistbot.Function.RedditBot\Setlistbot.Function.RedditBot.csproj", "{8A953F4B-E734-4DCF-A3B6-F4621E057C56}"
EndProject
Project("{9A19103F-16F7-4668-BE54-9A1E7A4F7556}") = "Setlistbot.Infrastructure.GratefulDead", "src\Setlistbot.Infrastructure.GratefulDead\Setlistbot.Infrastructure.GratefulDead.csproj", "{7E01E053-FB2A-41E2-B2CC-259AD837F2C9}"
EndProject
Project("{9A19103F-16F7-4668-BE54-9A1E7A4F7556}") = "Setlistbot.Domain.GratefulDead", "src\Setlistbot.Domain.GratefulDead\Setlistbot.Domain.GratefulDead.csproj", "{A9CEDA9A-DA55-413D-AC8F-042CE9FB4797}"
EndProject
Project("{9A19103F-16F7-4668-BE54-9A1E7A4F7556}") = "Setlistbot.Infrastructure.GratefulDead.UnitTests", "test\Setlistbot.Infrastructure.GratefulDead.UnitTests\Setlistbot.Infrastructure.GratefulDead.UnitTests.csproj", "{1CF663B6-95F2-47D1-971D-02F97A765A8E}"
EndProject
Project("{9A19103F-16F7-4668-BE54-9A1E7A4F7556}") = "Setlistbot.Domain.Phish.UnitTests", "test\Setlistbot.Domain.Phish.UnitTests\Setlistbot.Domain.Phish.UnitTests.csproj", "{D65FDAB6-B4D8-4A90-B2F0-45D4CCC9D6AC}"
EndProject
Project("{FAE04EC0-301F-11D3-BF4B-00C04F79EFBC}") = "Setlist.Domain.UnitTests", "test\Setlist.Domain.UnitTests\Setlist.Domain.UnitTests.csproj", "{1D0C9860-C617-4A01-BA7B-C10E5915F276}"
EndProject
Global
	GlobalSection(SolutionConfigurationPlatforms) = preSolution
		Debug|Any CPU = Debug|Any CPU
		Release|Any CPU = Release|Any CPU
	EndGlobalSection
	GlobalSection(ProjectConfigurationPlatforms) = postSolution
		{BB8D732E-17EE-4C34-A6FD-5781E66E16C3}.Debug|Any CPU.ActiveCfg = Debug|Any CPU
		{BB8D732E-17EE-4C34-A6FD-5781E66E16C3}.Debug|Any CPU.Build.0 = Debug|Any CPU
		{BB8D732E-17EE-4C34-A6FD-5781E66E16C3}.Release|Any CPU.ActiveCfg = Release|Any CPU
		{BB8D732E-17EE-4C34-A6FD-5781E66E16C3}.Release|Any CPU.Build.0 = Release|Any CPU
		{4154AAD6-9B33-49AB-AE98-A4A84FE5B519}.Debug|Any CPU.ActiveCfg = Debug|Any CPU
		{4154AAD6-9B33-49AB-AE98-A4A84FE5B519}.Debug|Any CPU.Build.0 = Debug|Any CPU
		{4154AAD6-9B33-49AB-AE98-A4A84FE5B519}.Release|Any CPU.ActiveCfg = Release|Any CPU
		{4154AAD6-9B33-49AB-AE98-A4A84FE5B519}.Release|Any CPU.Build.0 = Release|Any CPU
		{BD168A74-6D7F-41DE-890A-CC37CB9E2FE9}.Debug|Any CPU.ActiveCfg = Debug|Any CPU
		{BD168A74-6D7F-41DE-890A-CC37CB9E2FE9}.Debug|Any CPU.Build.0 = Debug|Any CPU
		{BD168A74-6D7F-41DE-890A-CC37CB9E2FE9}.Release|Any CPU.ActiveCfg = Release|Any CPU
		{BD168A74-6D7F-41DE-890A-CC37CB9E2FE9}.Release|Any CPU.Build.0 = Release|Any CPU
		{86F6D4A9-118C-4E9C-808C-DB33BB79FB1E}.Debug|Any CPU.ActiveCfg = Debug|Any CPU
		{86F6D4A9-118C-4E9C-808C-DB33BB79FB1E}.Debug|Any CPU.Build.0 = Debug|Any CPU
		{86F6D4A9-118C-4E9C-808C-DB33BB79FB1E}.Release|Any CPU.ActiveCfg = Release|Any CPU
		{86F6D4A9-118C-4E9C-808C-DB33BB79FB1E}.Release|Any CPU.Build.0 = Release|Any CPU
		{4A23B5AE-2773-434D-84A4-1695181087F7}.Debug|Any CPU.ActiveCfg = Debug|Any CPU
		{4A23B5AE-2773-434D-84A4-1695181087F7}.Debug|Any CPU.Build.0 = Debug|Any CPU
		{4A23B5AE-2773-434D-84A4-1695181087F7}.Release|Any CPU.ActiveCfg = Release|Any CPU
		{4A23B5AE-2773-434D-84A4-1695181087F7}.Release|Any CPU.Build.0 = Release|Any CPU
		{5CF7F469-0D39-4EA8-BE04-4F9D8C29A69E}.Debug|Any CPU.ActiveCfg = Debug|Any CPU
		{5CF7F469-0D39-4EA8-BE04-4F9D8C29A69E}.Debug|Any CPU.Build.0 = Debug|Any CPU
		{5CF7F469-0D39-4EA8-BE04-4F9D8C29A69E}.Release|Any CPU.ActiveCfg = Release|Any CPU
		{5CF7F469-0D39-4EA8-BE04-4F9D8C29A69E}.Release|Any CPU.Build.0 = Release|Any CPU
		{05A4A283-798A-4A07-94CA-8D4B86F2E12A}.Debug|Any CPU.ActiveCfg = Debug|Any CPU
		{05A4A283-798A-4A07-94CA-8D4B86F2E12A}.Debug|Any CPU.Build.0 = Debug|Any CPU
		{05A4A283-798A-4A07-94CA-8D4B86F2E12A}.Release|Any CPU.ActiveCfg = Release|Any CPU
		{05A4A283-798A-4A07-94CA-8D4B86F2E12A}.Release|Any CPU.Build.0 = Release|Any CPU
		{EB801B35-CDB2-47D7-8946-9B939A634E46}.Debug|Any CPU.ActiveCfg = Debug|Any CPU
		{EB801B35-CDB2-47D7-8946-9B939A634E46}.Debug|Any CPU.Build.0 = Debug|Any CPU
		{EB801B35-CDB2-47D7-8946-9B939A634E46}.Release|Any CPU.ActiveCfg = Release|Any CPU
		{EB801B35-CDB2-47D7-8946-9B939A634E46}.Release|Any CPU.Build.0 = Release|Any CPU
		{A4DCF9BC-E6C2-4628-B8BE-E55368251D16}.Debug|Any CPU.ActiveCfg = Debug|Any CPU
		{A4DCF9BC-E6C2-4628-B8BE-E55368251D16}.Debug|Any CPU.Build.0 = Debug|Any CPU
		{A4DCF9BC-E6C2-4628-B8BE-E55368251D16}.Release|Any CPU.ActiveCfg = Release|Any CPU
		{A4DCF9BC-E6C2-4628-B8BE-E55368251D16}.Release|Any CPU.Build.0 = Release|Any CPU
		{7EFB1E2F-E80B-40BF-A849-B48EF38C87EF}.Debug|Any CPU.ActiveCfg = Debug|Any CPU
		{7EFB1E2F-E80B-40BF-A849-B48EF38C87EF}.Debug|Any CPU.Build.0 = Debug|Any CPU
		{7EFB1E2F-E80B-40BF-A849-B48EF38C87EF}.Release|Any CPU.ActiveCfg = Release|Any CPU
		{7EFB1E2F-E80B-40BF-A849-B48EF38C87EF}.Release|Any CPU.Build.0 = Release|Any CPU
		{3CC40CD7-65A9-445C-A71C-0EA3D57C6B9C}.Debug|Any CPU.ActiveCfg = Debug|Any CPU
		{3CC40CD7-65A9-445C-A71C-0EA3D57C6B9C}.Debug|Any CPU.Build.0 = Debug|Any CPU
		{3CC40CD7-65A9-445C-A71C-0EA3D57C6B9C}.Release|Any CPU.ActiveCfg = Release|Any CPU
		{3CC40CD7-65A9-445C-A71C-0EA3D57C6B9C}.Release|Any CPU.Build.0 = Release|Any CPU
		{767427FF-457D-4034-BD1D-EE5BE063125E}.Debug|Any CPU.ActiveCfg = Debug|Any CPU
		{767427FF-457D-4034-BD1D-EE5BE063125E}.Debug|Any CPU.Build.0 = Debug|Any CPU
		{767427FF-457D-4034-BD1D-EE5BE063125E}.Release|Any CPU.ActiveCfg = Release|Any CPU
		{767427FF-457D-4034-BD1D-EE5BE063125E}.Release|Any CPU.Build.0 = Release|Any CPU
		{D7DE5152-F0C6-4917-BDA4-1F71BDB16819}.Debug|Any CPU.ActiveCfg = Debug|Any CPU
		{D7DE5152-F0C6-4917-BDA4-1F71BDB16819}.Debug|Any CPU.Build.0 = Debug|Any CPU
		{D7DE5152-F0C6-4917-BDA4-1F71BDB16819}.Release|Any CPU.ActiveCfg = Release|Any CPU
		{D7DE5152-F0C6-4917-BDA4-1F71BDB16819}.Release|Any CPU.Build.0 = Release|Any CPU
		{2DE9E043-D881-4752-8293-7BD73A9F6C32}.Debug|Any CPU.ActiveCfg = Debug|Any CPU
		{2DE9E043-D881-4752-8293-7BD73A9F6C32}.Debug|Any CPU.Build.0 = Debug|Any CPU
		{2DE9E043-D881-4752-8293-7BD73A9F6C32}.Release|Any CPU.ActiveCfg = Release|Any CPU
		{2DE9E043-D881-4752-8293-7BD73A9F6C32}.Release|Any CPU.Build.0 = Release|Any CPU
		{BE2657CA-2398-4ABA-890B-3AF476814F9D}.Debug|Any CPU.ActiveCfg = Debug|Any CPU
		{BE2657CA-2398-4ABA-890B-3AF476814F9D}.Debug|Any CPU.Build.0 = Debug|Any CPU
		{BE2657CA-2398-4ABA-890B-3AF476814F9D}.Release|Any CPU.ActiveCfg = Release|Any CPU
		{BE2657CA-2398-4ABA-890B-3AF476814F9D}.Release|Any CPU.Build.0 = Release|Any CPU
		{8A953F4B-E734-4DCF-A3B6-F4621E057C56}.Debug|Any CPU.ActiveCfg = Debug|Any CPU
		{8A953F4B-E734-4DCF-A3B6-F4621E057C56}.Debug|Any CPU.Build.0 = Debug|Any CPU
		{8A953F4B-E734-4DCF-A3B6-F4621E057C56}.Release|Any CPU.ActiveCfg = Release|Any CPU
		{8A953F4B-E734-4DCF-A3B6-F4621E057C56}.Release|Any CPU.Build.0 = Release|Any CPU
		{7E01E053-FB2A-41E2-B2CC-259AD837F2C9}.Debug|Any CPU.ActiveCfg = Debug|Any CPU
		{7E01E053-FB2A-41E2-B2CC-259AD837F2C9}.Debug|Any CPU.Build.0 = Debug|Any CPU
		{7E01E053-FB2A-41E2-B2CC-259AD837F2C9}.Release|Any CPU.ActiveCfg = Release|Any CPU
		{7E01E053-FB2A-41E2-B2CC-259AD837F2C9}.Release|Any CPU.Build.0 = Release|Any CPU
		{A9CEDA9A-DA55-413D-AC8F-042CE9FB4797}.Debug|Any CPU.ActiveCfg = Debug|Any CPU
		{A9CEDA9A-DA55-413D-AC8F-042CE9FB4797}.Debug|Any CPU.Build.0 = Debug|Any CPU
		{A9CEDA9A-DA55-413D-AC8F-042CE9FB4797}.Release|Any CPU.ActiveCfg = Release|Any CPU
		{A9CEDA9A-DA55-413D-AC8F-042CE9FB4797}.Release|Any CPU.Build.0 = Release|Any CPU
		{1CF663B6-95F2-47D1-971D-02F97A765A8E}.Debug|Any CPU.ActiveCfg = Debug|Any CPU
		{1CF663B6-95F2-47D1-971D-02F97A765A8E}.Debug|Any CPU.Build.0 = Debug|Any CPU
		{1CF663B6-95F2-47D1-971D-02F97A765A8E}.Release|Any CPU.ActiveCfg = Release|Any CPU
		{1CF663B6-95F2-47D1-971D-02F97A765A8E}.Release|Any CPU.Build.0 = Release|Any CPU
		{D65FDAB6-B4D8-4A90-B2F0-45D4CCC9D6AC}.Debug|Any CPU.ActiveCfg = Debug|Any CPU
		{D65FDAB6-B4D8-4A90-B2F0-45D4CCC9D6AC}.Debug|Any CPU.Build.0 = Debug|Any CPU
		{D65FDAB6-B4D8-4A90-B2F0-45D4CCC9D6AC}.Release|Any CPU.ActiveCfg = Release|Any CPU
		{D65FDAB6-B4D8-4A90-B2F0-45D4CCC9D6AC}.Release|Any CPU.Build.0 = Release|Any CPU
		{1D0C9860-C617-4A01-BA7B-C10E5915F276}.Debug|Any CPU.ActiveCfg = Debug|Any CPU
		{1D0C9860-C617-4A01-BA7B-C10E5915F276}.Debug|Any CPU.Build.0 = Debug|Any CPU
		{1D0C9860-C617-4A01-BA7B-C10E5915F276}.Release|Any CPU.ActiveCfg = Release|Any CPU
		{1D0C9860-C617-4A01-BA7B-C10E5915F276}.Release|Any CPU.Build.0 = Release|Any CPU
	EndGlobalSection
	GlobalSection(SolutionProperties) = preSolution
		HideSolutionNode = FALSE
	EndGlobalSection
	GlobalSection(NestedProjects) = preSolution
		{86F6D4A9-118C-4E9C-808C-DB33BB79FB1E} = {252ED6DC-C74D-4CDB-9D86-7827A870FEF8}
		{5CF7F469-0D39-4EA8-BE04-4F9D8C29A69E} = {252ED6DC-C74D-4CDB-9D86-7827A870FEF8}
		{3CC40CD7-65A9-445C-A71C-0EA3D57C6B9C} = {252ED6DC-C74D-4CDB-9D86-7827A870FEF8}
		{2DE9E043-D881-4752-8293-7BD73A9F6C32} = {252ED6DC-C74D-4CDB-9D86-7827A870FEF8}
		{BE2657CA-2398-4ABA-890B-3AF476814F9D} = {252ED6DC-C74D-4CDB-9D86-7827A870FEF8}
		{1CF663B6-95F2-47D1-971D-02F97A765A8E} = {252ED6DC-C74D-4CDB-9D86-7827A870FEF8}
		{D65FDAB6-B4D8-4A90-B2F0-45D4CCC9D6AC} = {252ED6DC-C74D-4CDB-9D86-7827A870FEF8}
		{1D0C9860-C617-4A01-BA7B-C10E5915F276} = {252ED6DC-C74D-4CDB-9D86-7827A870FEF8}
	EndGlobalSection
	GlobalSection(ExtensibilityGlobals) = postSolution
		SolutionGuid = {226663E9-92BC-4DCE-9A71-EB12AAAE94A1}
	EndGlobalSection
EndGlobal
