
Microsoft Visual Studio Solution File, Format Version 12.00
# Visual Studio 14
VisualStudioVersion = 14.0.25420.1
MinimumVisualStudioVersion = 10.0.40219.1
Project("{FAE04EC0-301F-11D3-BF4B-00C04F79EFBC}") = "Setlistbot", "Setlistbot\Setlistbot.csproj", "{CDAAD08F-94A6-452D-A6C0-8A6BD35429A6}"
EndProject
Project("{FAE04EC0-301F-11D3-BF4B-00C04F79EFBC}") = "Setlistbot.Phish", "Setlistbot.Phish\Setlistbot.Phish.csproj", "{8A425BCA-65C7-435D-87DB-92693F45B997}"
EndProject
Project("{FAE04EC0-301F-11D3-BF4B-00C04F79EFBC}") = "Setlistbot.Test", "Setlistbot.Test\Setlistbot.Test.csproj", "{5FDDE216-AF91-4016-B413-8A519B00DA32}"
EndProject
Project("{CC5FD16D-436D-48AD-A40C-5A424C6E3E79}") = "Setlistbot.Azure", "Setlistbot.Azure\Setlistbot.Azure.ccproj", "{091CE127-CE10-47CC-BE22-EA0EC146A276}"
EndProject
Project("{FAE04EC0-301F-11D3-BF4B-00C04F79EFBC}") = "SetlistbotWorker", "SetlistbotWorker\SetlistbotWorker.csproj", "{DABEF9DA-D2B8-4C58-A905-ABD78992BCA5}"
EndProject
Project("{FAE04EC0-301F-11D3-BF4B-00C04F79EFBC}") = "Setlistbot.Core", "Setlistbot.Core\Setlistbot.Core.csproj", "{4D2C304E-EB23-415C-B4F2-678ED683ABC7}"
EndProject
Global
	GlobalSection(SolutionConfigurationPlatforms) = preSolution
		Debug|Any CPU = Debug|Any CPU
		Release|Any CPU = Release|Any CPU
	EndGlobalSection
	GlobalSection(ProjectConfigurationPlatforms) = postSolution
		{CDAAD08F-94A6-452D-A6C0-8A6BD35429A6}.Debug|Any CPU.ActiveCfg = Debug|Any CPU
		{CDAAD08F-94A6-452D-A6C0-8A6BD35429A6}.Debug|Any CPU.Build.0 = Debug|Any CPU
		{CDAAD08F-94A6-452D-A6C0-8A6BD35429A6}.Release|Any CPU.ActiveCfg = Release|Any CPU
		{CDAAD08F-94A6-452D-A6C0-8A6BD35429A6}.Release|Any CPU.Build.0 = Release|Any CPU
		{8A425BCA-65C7-435D-87DB-92693F45B997}.Debug|Any CPU.ActiveCfg = Debug|Any CPU
		{8A425BCA-65C7-435D-87DB-92693F45B997}.Debug|Any CPU.Build.0 = Debug|Any CPU
		{8A425BCA-65C7-435D-87DB-92693F45B997}.Release|Any CPU.ActiveCfg = Release|Any CPU
		{8A425BCA-65C7-435D-87DB-92693F45B997}.Release|Any CPU.Build.0 = Release|Any CPU
		{5FDDE216-AF91-4016-B413-8A519B00DA32}.Debug|Any CPU.ActiveCfg = Debug|Any CPU
		{5FDDE216-AF91-4016-B413-8A519B00DA32}.Debug|Any CPU.Build.0 = Debug|Any CPU
		{5FDDE216-AF91-4016-B413-8A519B00DA32}.Release|Any CPU.ActiveCfg = Release|Any CPU
		{5FDDE216-AF91-4016-B413-8A519B00DA32}.Release|Any CPU.Build.0 = Release|Any CPU
		{091CE127-CE10-47CC-BE22-EA0EC146A276}.Debug|Any CPU.ActiveCfg = Debug|Any CPU
		{091CE127-CE10-47CC-BE22-EA0EC146A276}.Debug|Any CPU.Build.0 = Debug|Any CPU
		{091CE127-CE10-47CC-BE22-EA0EC146A276}.Release|Any CPU.ActiveCfg = Release|Any CPU
		{091CE127-CE10-47CC-BE22-EA0EC146A276}.Release|Any CPU.Build.0 = Release|Any CPU
		{DABEF9DA-D2B8-4C58-A905-ABD78992BCA5}.Debug|Any CPU.ActiveCfg = Debug|Any CPU
		{DABEF9DA-D2B8-4C58-A905-ABD78992BCA5}.Debug|Any CPU.Build.0 = Debug|Any CPU
		{DABEF9DA-D2B8-4C58-A905-ABD78992BCA5}.Release|Any CPU.ActiveCfg = Release|Any CPU
		{DABEF9DA-D2B8-4C58-A905-ABD78992BCA5}.Release|Any CPU.Build.0 = Release|Any CPU
		{4D2C304E-EB23-415C-B4F2-678ED683ABC7}.Debug|Any CPU.ActiveCfg = Debug|Any CPU
		{4D2C304E-EB23-415C-B4F2-678ED683ABC7}.Debug|Any CPU.Build.0 = Debug|Any CPU
		{4D2C304E-EB23-415C-B4F2-678ED683ABC7}.Release|Any CPU.ActiveCfg = Release|Any CPU
		{4D2C304E-EB23-415C-B4F2-678ED683ABC7}.Release|Any CPU.Build.0 = Release|Any CPU
	EndGlobalSection
	GlobalSection(SolutionProperties) = preSolution
		HideSolutionNode = FALSE
	EndGlobalSection
EndGlobal
